{
  "nodes": {
    "darwin": {
      "inputs": {
        "nixpkgs": [
          "nixpkgs"
        ]
      },
      "locked": {
        "lastModified": 1657835815,
        "narHash": "sha256-CnZszAYpNKydh6N7+xg+eRtWNVoAAGqc6bg+Lpgq1xc=",
        "owner": "lnl7",
        "repo": "nix-darwin",
        "rev": "54a24f042f93c79f5679f133faddedec61955cf2",
        "type": "github"
      },
      "original": {
        "owner": "lnl7",
        "ref": "master",
        "repo": "nix-darwin",
        "type": "github"
      }
    },
    "deploy": {
      "inputs": {
        "fenix": [
          "fenix"
        ],
        "flake-compat": "flake-compat",
        "nixpkgs": [
          "fenix",
          "nixpkgs"
        ],
        "utils": "utils"
      },
      "locked": {
        "lastModified": 1661212356,
        "narHash": "sha256-+9P849WIb/zhAMWXrW9g0IRd7vFRj5a5acLTtOFyY48=",
        "owner": "input-output-hk",
        "repo": "deploy-rs",
        "rev": "4da8eb9fc3e611adf4bbe8c8df5b1fc604c4f906",
        "type": "github"
      },
      "original": {
        "owner": "input-output-hk",
        "repo": "deploy-rs",
        "type": "github"
      }
    },
    "emacs": {
      "inputs": {
        "emacs-src": "emacs-src",
        "emacs-vterm-src": "emacs-vterm-src",
        "nixpkgs": "nixpkgs"
      },
      "locked": {
        "lastModified": 1659664638,
        "narHash": "sha256-dhipoy/k2s5e8mrcIrvCi5qoM1h1KaBc6+Gv90pazWg=",
        "owner": "cmacrae",
        "repo": "emacs",
        "rev": "221cfc3b3f8677c2cbf1addd76f614ace9e0fd3d",
        "type": "github"
      },
      "original": {
        "owner": "cmacrae",
        "repo": "emacs",
        "type": "github"
      }
    },
    "emacs-overlay": {
      "inputs": {
        "flake-utils": "flake-utils",
        "nixpkgs": "nixpkgs_2"
      },
      "locked": {
        "lastModified": 1659671505,
        "narHash": "sha256-HC8wze+/Lzc6HoVOmgJKrf9/3El6BL7ruuAy7gqzkog=",
        "owner": "nix-community",
        "repo": "emacs-overlay",
        "rev": "4a5b9fb659456b31d2c15e53694e139077920592",
        "type": "github"
      },
      "original": {
        "owner": "nix-community",
        "repo": "emacs-overlay",
        "type": "github"
      }
    },
    "emacs-src": {
      "flake": false,
      "locked": {
        "lastModified": 1659648946,
        "narHash": "sha256-XfHTxGv06iQgwfQg6+emM9NFi9s5v0kPm36zkhbdGkE=",
        "owner": "emacs-mirror",
        "repo": "emacs",
        "rev": "8ea7506d724903008910bc47e88212da55549ede",
        "type": "github"
      },
      "original": {
        "owner": "emacs-mirror",
        "repo": "emacs",
        "type": "github"
      }
    },
    "emacs-vterm-src": {
      "flake": false,
      "locked": {
        "lastModified": 1655136877,
        "narHash": "sha256-WYeVsi0srRR8+eOFpNVmL1m+DeujgCEwmAnYMWA8cd4=",
        "owner": "akermu",
        "repo": "emacs-libvterm",
        "rev": "3155a477b43c1567d754768f5be79296440ebaf8",
        "type": "github"
      },
      "original": {
        "owner": "akermu",
        "repo": "emacs-libvterm",
        "type": "github"
      }
    },
    "fenix": {
      "inputs": {
        "nixpkgs": "nixpkgs_3",
        "rust-analyzer-src": "rust-analyzer-src"
      },
      "locked": {
        "lastModified": 1664606420,
        "narHash": "sha256-kWgK+rUd+O7YRrFSIJmbMmqfYiy5r/CXGi2noAO/e20=",
        "owner": "nix-community",
        "repo": "fenix",
        "rev": "22d9337eda8bf666622388c84a130ec3663ce2e8",
        "type": "github"
      },
      "original": {
        "owner": "nix-community",
        "repo": "fenix",
        "type": "github"
      }
    },
    "flake-compat": {
      "flake": false,
      "locked": {
        "lastModified": 1627913399,
        "narHash": "sha256-hY8g6H2KFL8ownSiFeMOjwPC8P0ueXpCVEbxgda3pko=",
        "owner": "edolstra",
        "repo": "flake-compat",
        "rev": "12c64ca55c1014cdc1b16ed5a804aa8576601ff2",
        "type": "github"
      },
      "original": {
        "owner": "edolstra",
        "repo": "flake-compat",
        "type": "github"
      }
    },
    "flake-utils": {
      "locked": {
        "lastModified": 1656928814,
        "narHash": "sha256-RIFfgBuKz6Hp89yRr7+NR5tzIAbn52h8vT6vXkYjZoM=",
        "owner": "numtide",
        "repo": "flake-utils",
        "rev": "7e2a3b3dfd9af950a856d66b0a7d01e3c18aa249",
        "type": "github"
      },
      "original": {
        "owner": "numtide",
        "repo": "flake-utils",
        "type": "github"
      }
    },
    "flake-utils_2": {
      "locked": {
        "lastModified": 1659877975,
        "narHash": "sha256-zllb8aq3YO3h8B/U0/J1WBgAL8EX5yWf5pMj3G0NAmc=",
        "owner": "numtide",
        "repo": "flake-utils",
        "rev": "c0e246b9b83f637f4681389ecabcb2681b4f3af0",
        "type": "github"
      },
      "original": {
        "owner": "numtide",
        "repo": "flake-utils",
        "type": "github"
      }
    },
    "home": {
      "inputs": {
        "nixpkgs": [
          "nixpkgs"
        ],
        "utils": "utils_2"
      },
      "locked": {
        "lastModified": 1659484873,
        "narHash": "sha256-6VoPiGyDdjBHOJ3IpS24lY1lrDiOHeuEefOFI0qz3WE=",
        "owner": "nix-community",
        "repo": "home-manager",
        "rev": "d8d9ff0b2df77defa10375c6665b51f0251c34d6",
        "type": "github"
      },
      "original": {
        "owner": "nix-community",
        "repo": "home-manager",
        "type": "github"
      }
    },
    "nixpkgs": {
      "locked": {
        "lastModified": 1659606041,
        "narHash": "sha256-W4/u2ssr3fS4XOtltrsDD9w2kF4jYYZr6JyPGUW2jdI=",
        "owner": "nixos",
        "repo": "nixpkgs",
        "rev": "5f9b871b72b24f066b1a1e189efd0669f2888c49",
        "type": "github"
      },
      "original": {
        "owner": "nixos",
        "ref": "nixpkgs-unstable",
        "repo": "nixpkgs",
        "type": "github"
      }
    },
    "nixpkgs-22_05": {
      "locked": {
        "lastModified": 1664201777,
        "narHash": "sha256-cUW9DqELUNi1jNMwVSbfq4yl5YGyOfeu+UHUUImbby0=",
        "owner": "NixOS",
        "repo": "nixpkgs",
        "rev": "00f877f4927b6f7d7b75731b5a1e2ae7324eaf14",
        "type": "github"
      },
      "original": {
        "owner": "NixOS",
        "ref": "release-22.05",
        "repo": "nixpkgs",
        "type": "github"
      }
    },
    "nixpkgs_2": {
      "locked": {
        "lastModified": 1659606041,
        "narHash": "sha256-W4/u2ssr3fS4XOtltrsDD9w2kF4jYYZr6JyPGUW2jdI=",
        "owner": "NixOS",
        "repo": "nixpkgs",
        "rev": "5f9b871b72b24f066b1a1e189efd0669f2888c49",
        "type": "github"
      },
      "original": {
        "id": "nixpkgs",
        "type": "indirect"
      }
    },
    "nixpkgs_3": {
      "locked": {
        "lastModified": 1664370076,
        "narHash": "sha256-NDnIo0nxJozLwEw0VPM+RApMA90uTfbvaNNtC5eB7Os=",
        "owner": "nixos",
        "repo": "nixpkgs",
        "rev": "854fdc68881791812eddd33b2fed94b954979a8e",
        "type": "github"
      },
      "original": {
        "owner": "nixos",
        "ref": "nixos-unstable",
        "repo": "nixpkgs",
        "type": "github"
      }
    },
    "nixpkgs_4": {
      "locked": {
        "lastModified": 1659606041,
        "narHash": "sha256-W4/u2ssr3fS4XOtltrsDD9w2kF4jYYZr6JyPGUW2jdI=",
        "owner": "nixos",
        "repo": "nixpkgs",
        "rev": "5f9b871b72b24f066b1a1e189efd0669f2888c49",
        "type": "github"
      },
      "original": {
        "owner": "nixos",
        "ref": "nixpkgs-unstable",
        "repo": "nixpkgs",
        "type": "github"
      }
    },
    "root": {
      "inputs": {
        "darwin": "darwin",
        "deploy": "deploy",
        "emacs": "emacs",
        "emacs-overlay": "emacs-overlay",
        "fenix": "fenix",
        "flake-utils": "flake-utils_2",
        "home": "home",
        "nixpkgs": "nixpkgs_4",
        "sops-nix": "sops-nix",
        "wally-cli": "wally-cli"
      }
    },
    "rust-analyzer-src": {
      "flake": false,
      "locked": {
        "lastModified": 1664577760,
        "narHash": "sha256-n/RaXw0x7CeBMGD1C2SpmpXEI4oEPhmbiIeuSJUACFo=",
        "owner": "rust-lang",
        "repo": "rust-analyzer",
        "rev": "5b7e40014ef172839108af860487fe4209a02135",
        "type": "github"
      },
      "original": {
        "owner": "rust-lang",
        "ref": "nightly",
        "repo": "rust-analyzer",
        "type": "github"
      }
    },
    "sops-nix": {
      "inputs": {
        "nixpkgs": [
          "nixpkgs"
        ],
        "nixpkgs-22_05": "nixpkgs-22_05"
      },
      "locked": {
        "lastModified": 1664204020,
        "narHash": "sha256-LAey3hr8b9EAt3n304Wt9Vm4uQFd8pSRtLX8leuYFDs=",
        "owner": "Mic92",
        "repo": "sops-nix",
        "rev": "912f9ff41fd9353dec1f783170793699789fe9aa",
        "type": "github"
      },
      "original": {
        "owner": "Mic92",
        "repo": "sops-nix",
        "type": "github"
      }
    },
    "utils": {
      "locked": {
        "lastModified": 1637014545,
        "narHash": "sha256-26IZAc5yzlD9FlDT54io1oqG/bBoyka+FJk5guaX4x4=",
        "owner": "numtide",
        "repo": "flake-utils",
        "rev": "bba5dcc8e0b20ab664967ad83d24d64cb64ec4f4",
        "type": "github"
      },
      "original": {
        "owner": "numtide",
        "repo": "flake-utils",
        "type": "github"
      }
    },
    "utils_2": {
      "locked": {
        "lastModified": 1653893745,
        "narHash": "sha256-0jntwV3Z8//YwuOjzhV2sgJJPt+HY6KhU7VZUL0fKZQ=",
        "owner": "numtide",
        "repo": "flake-utils",
        "rev": "1ed9fb1935d260de5fe1c2f7ee0ebaae17ed2fa1",
        "type": "github"
      },
      "original": {
        "owner": "numtide",
        "repo": "flake-utils",
        "type": "github"
      }
    },
    "wally-cli": {
      "flake": false,
      "locked": {
        "lastModified": 1648623970,
        "narHash": "sha256-8CJreOB+I07oj9dnJIKNnyoekcBy9tmo5qBwYq3qY4E=",
        "owner": "zsa",
        "repo": "wally-cli",
        "rev": "53d9020158a10ad0ffb6bc89136476f5f3a8e72b",
        "type": "github"
      },
      "original": {
        "owner": "zsa",
        "repo": "wally-cli",
        "type": "github"
      }
    }
  },
  "root": "root",
  "version": 7
}
